
Microsoft Visual Studio Solution File, Format Version 12.00
# Visual Studio Version 17
VisualStudioVersion = 17.2.32616.157
MinimumVisualStudioVersion = 10.0.40219.1
Project("{9A19103F-16F7-4668-BE54-9A1E7A4F7556}") = "Api3Assignment", "Api3Assignment\Api3Assignment.csproj", "{7453FD6B-6888-4684-B1D0-7EAA1CBBA86D}"
EndProject
Project("{9A19103F-16F7-4668-BE54-9A1E7A4F7556}") = "BookSellingAssignment", "BookSellingAssignment\BookSellingAssignment.csproj", "{D58C4E47-4838-406F-B32D-2C6F7EB41AB1}"
EndProject
Global
	GlobalSection(SolutionConfigurationPlatforms) = preSolution
		Debug|Any CPU = Debug|Any CPU
		Release|Any CPU = Release|Any CPU
	EndGlobalSection
	GlobalSection(ProjectConfigurationPlatforms) = postSolution
		{7453FD6B-6888-4684-B1D0-7EAA1CBBA86D}.Debug|Any CPU.ActiveCfg = Debug|Any CPU
		{7453FD6B-6888-4684-B1D0-7EAA1CBBA86D}.Debug|Any CPU.Build.0 = Debug|Any CPU
		{7453FD6B-6888-4684-B1D0-7EAA1CBBA86D}.Release|Any CPU.ActiveCfg = Release|Any CPU
		{7453FD6B-6888-4684-B1D0-7EAA1CBBA86D}.Release|Any CPU.Build.0 = Release|Any CPU
		{D58C4E47-4838-406F-B32D-2C6F7EB41AB1}.Debug|Any CPU.ActiveCfg = Debug|Any CPU
		{D58C4E47-4838-406F-B32D-2C6F7EB41AB1}.Debug|Any CPU.Build.0 = Debug|Any CPU
		{D58C4E47-4838-406F-B32D-2C6F7EB41AB1}.Release|Any CPU.ActiveCfg = Release|Any CPU
		{D58C4E47-4838-406F-B32D-2C6F7EB41AB1}.Release|Any CPU.Build.0 = Release|Any CPU
	EndGlobalSection
	GlobalSection(SolutionProperties) = preSolution
		HideSolutionNode = FALSE
	EndGlobalSection
	GlobalSection(ExtensibilityGlobals) = postSolution
		SolutionGuid = {421DAAA1-99B5-47FB-B479-E415755B46E1}
	EndGlobalSection
EndGlobal
